
Microsoft Visual Studio Solution File, Format Version 12.00
# Visual Studio Version 16
VisualStudioVersion = 16.0.31624.102
MinimumVisualStudioVersion = 10.0.40219.1
Project("{FAE04EC0-301F-11D3-BF4B-00C04F79EFBC}") = "AgileMovie.WebAPI", "AgileMovie.WebAPI\AgileMovie.WebAPI.csproj", "{20C7DC75-2E88-43AF-9CAE-09AB90CC39DF}"
EndProject
Project("{2150E333-8FDC-42A3-9474-1A3956D46DE8}") = "Solution Items", "Solution Items", "{B1A8C98D-31AA-406E-8D26-D6778635CC90}"
	ProjectSection(SolutionItems) = preProject
		AgileTickets.txt = AgileTickets.txt
		README.md = README.md
		UserStories.txt = UserStories.txt
	EndProjectSection
EndProject
Project("{FAE04EC0-301F-11D3-BF4B-00C04F79EFBC}") = "AgileMovie.Data", "AgileMovie.Data\AgileMovie.Data.csproj", "{E12D546D-587C-491A-82EB-E7CE638CE48F}"
EndProject
Project("{FAE04EC0-301F-11D3-BF4B-00C04F79EFBC}") = "AgileMovie.Models", "AgileMovie.Models\AgileMovie.Models.csproj", "{2912EE73-9037-45B9-A61A-A157FAFCDB87}"
EndProject
Project("{FAE04EC0-301F-11D3-BF4B-00C04F79EFBC}") = "AgileMovie.Services", "AgileMovie.Services\AgileMovie.Services.csproj", "{F216D0FA-3AB7-4817-A004-4776B7B7CAD7}"
EndProject
Project("{FAE04EC0-301F-11D3-BF4B-00C04F79EFBC}") = "AgileMovie.Tests", "AgileMovie.Tests\AgileMovie.Tests.csproj", "{AF832F56-F745-4220-B700-6599688F1C17}"
EndProject
Global
	GlobalSection(SolutionConfigurationPlatforms) = preSolution
		Debug|Any CPU = Debug|Any CPU
		Release|Any CPU = Release|Any CPU
	EndGlobalSection
	GlobalSection(ProjectConfigurationPlatforms) = postSolution
		{20C7DC75-2E88-43AF-9CAE-09AB90CC39DF}.Debug|Any CPU.ActiveCfg = Debug|Any CPU
		{20C7DC75-2E88-43AF-9CAE-09AB90CC39DF}.Debug|Any CPU.Build.0 = Debug|Any CPU
		{20C7DC75-2E88-43AF-9CAE-09AB90CC39DF}.Release|Any CPU.ActiveCfg = Release|Any CPU
		{20C7DC75-2E88-43AF-9CAE-09AB90CC39DF}.Release|Any CPU.Build.0 = Release|Any CPU
		{E12D546D-587C-491A-82EB-E7CE638CE48F}.Debug|Any CPU.ActiveCfg = Debug|Any CPU
		{E12D546D-587C-491A-82EB-E7CE638CE48F}.Debug|Any CPU.Build.0 = Debug|Any CPU
		{E12D546D-587C-491A-82EB-E7CE638CE48F}.Release|Any CPU.ActiveCfg = Release|Any CPU
		{E12D546D-587C-491A-82EB-E7CE638CE48F}.Release|Any CPU.Build.0 = Release|Any CPU
		{2912EE73-9037-45B9-A61A-A157FAFCDB87}.Debug|Any CPU.ActiveCfg = Debug|Any CPU
		{2912EE73-9037-45B9-A61A-A157FAFCDB87}.Debug|Any CPU.Build.0 = Debug|Any CPU
		{2912EE73-9037-45B9-A61A-A157FAFCDB87}.Release|Any CPU.ActiveCfg = Release|Any CPU
		{2912EE73-9037-45B9-A61A-A157FAFCDB87}.Release|Any CPU.Build.0 = Release|Any CPU
		{F216D0FA-3AB7-4817-A004-4776B7B7CAD7}.Debug|Any CPU.ActiveCfg = Debug|Any CPU
		{F216D0FA-3AB7-4817-A004-4776B7B7CAD7}.Debug|Any CPU.Build.0 = Debug|Any CPU
		{F216D0FA-3AB7-4817-A004-4776B7B7CAD7}.Release|Any CPU.ActiveCfg = Release|Any CPU
		{F216D0FA-3AB7-4817-A004-4776B7B7CAD7}.Release|Any CPU.Build.0 = Release|Any CPU
		{AF832F56-F745-4220-B700-6599688F1C17}.Debug|Any CPU.ActiveCfg = Debug|Any CPU
		{AF832F56-F745-4220-B700-6599688F1C17}.Debug|Any CPU.Build.0 = Debug|Any CPU
		{AF832F56-F745-4220-B700-6599688F1C17}.Release|Any CPU.ActiveCfg = Release|Any CPU
		{AF832F56-F745-4220-B700-6599688F1C17}.Release|Any CPU.Build.0 = Release|Any CPU
	EndGlobalSection
	GlobalSection(SolutionProperties) = preSolution
		HideSolutionNode = FALSE
	EndGlobalSection
	GlobalSection(ExtensibilityGlobals) = postSolution
		SolutionGuid = {B5B26FDA-1B61-4460-AC35-1C81A1051744}
	EndGlobalSection
EndGlobal
